
Microsoft Visual Studio Solution File, Format Version 12.00
# Visual Studio Version 17
VisualStudioVersion = 17.9.34714.143
MinimumVisualStudioVersion = 10.0.40219.1
Project("{FAE04EC0-301F-11D3-BF4B-00C04F79EFBC}") = "2024 OX-Game Text-Version", "2024 OX-Game Text-Version.csproj", "{78FB3740-C6C5-4D29-866C-5FE25C83884C}"
EndProject
Global
	GlobalSection(SolutionConfigurationPlatforms) = preSolution
		Debug|Any CPU = Debug|Any CPU
		Release|Any CPU = Release|Any CPU
	EndGlobalSection
	GlobalSection(ProjectConfigurationPlatforms) = postSolution
		{78FB3740-C6C5-4D29-866C-5FE25C83884C}.Debug|Any CPU.ActiveCfg = Debug|Any CPU
		{78FB3740-C6C5-4D29-866C-5FE25C83884C}.Debug|Any CPU.Build.0 = Debug|Any CPU
		{78FB3740-C6C5-4D29-866C-5FE25C83884C}.Release|Any CPU.ActiveCfg = Release|Any CPU
		{78FB3740-C6C5-4D29-866C-5FE25C83884C}.Release|Any CPU.Build.0 = Release|Any CPU
	EndGlobalSection
	GlobalSection(SolutionProperties) = preSolution
		HideSolutionNode = FALSE
	EndGlobalSection
	GlobalSection(ExtensibilityGlobals) = postSolution
		SolutionGuid = {B29289B2-8044-4A9A-98DF-28EEE5766B8F}
	EndGlobalSection
EndGlobal
